
Microsoft Visual Studio Solution File, Format Version 12.00
# Visual Studio 15
VisualStudioVersion = 15.0.26228.12
MinimumVisualStudioVersion = 10.0.40219.1
Project("{FAE04EC0-301F-11D3-BF4B-00C04F79EFBC}") = "WAMWayStyles", "WAMWayStyles\WAMWayStyles.csproj", "{67F9D3A8-F71E-4428-913F-C37AE82CDB24}"
EndProject
Project("{2150E333-8FDC-42A3-9474-1A3956D46DE8}") = "Test", "Test", "{681DA4D8-37AA-4862-8B57-CCDBA287DE1C}"
EndProject
Project("{FAE04EC0-301F-11D3-BF4B-00C04F79EFBC}") = "Forms_test.Android", "Forms_test\Forms_test.Android\Forms_test.Android.csproj", "{A34402DE-892A-4AF1-BE6C-E44948572632}"
EndProject
Project("{FAE04EC0-301F-11D3-BF4B-00C04F79EFBC}") = "Forms_test", "Forms_test\Forms_test\Forms_test.csproj", "{C6D88F87-C6FB-4FED-B671-7BBF6080693D}"
EndProject
Project("{FAE04EC0-301F-11D3-BF4B-00C04F79EFBC}") = "Forms_test.UWP", "Forms_test\Forms_test.UWP\Forms_test.UWP.csproj", "{204452FC-6C3F-4705-AB92-4FB4EDB17FB5}"
EndProject
Project("{FAE04EC0-301F-11D3-BF4B-00C04F79EFBC}") = "Forms_test.iOS", "Forms_test\Forms_test.iOS\Forms_test.iOS.csproj", "{C578FD32-FDA5-4369-AA2A-68E4E3FEA768}"
EndProject
Global
	GlobalSection(SolutionConfigurationPlatforms) = preSolution
		Ad-Hoc|Any CPU = Ad-Hoc|Any CPU
		Ad-Hoc|ARM = Ad-Hoc|ARM
		Ad-Hoc|iPhone = Ad-Hoc|iPhone
		Ad-Hoc|iPhoneSimulator = Ad-Hoc|iPhoneSimulator
		Ad-Hoc|x64 = Ad-Hoc|x64
		Ad-Hoc|x86 = Ad-Hoc|x86
		AppStore|Any CPU = AppStore|Any CPU
		AppStore|ARM = AppStore|ARM
		AppStore|iPhone = AppStore|iPhone
		AppStore|iPhoneSimulator = AppStore|iPhoneSimulator
		AppStore|x64 = AppStore|x64
		AppStore|x86 = AppStore|x86
		Debug|Any CPU = Debug|Any CPU
		Debug|ARM = Debug|ARM
		Debug|iPhone = Debug|iPhone
		Debug|iPhoneSimulator = Debug|iPhoneSimulator
		Debug|x64 = Debug|x64
		Debug|x86 = Debug|x86
		Release|Any CPU = Release|Any CPU
		Release|ARM = Release|ARM
		Release|iPhone = Release|iPhone
		Release|iPhoneSimulator = Release|iPhoneSimulator
		Release|x64 = Release|x64
		Release|x86 = Release|x86
	EndGlobalSection
	GlobalSection(ProjectConfigurationPlatforms) = postSolution
		{67F9D3A8-F71E-4428-913F-C37AE82CDB24}.Ad-Hoc|Any CPU.ActiveCfg = Release|Any CPU
		{67F9D3A8-F71E-4428-913F-C37AE82CDB24}.Ad-Hoc|Any CPU.Build.0 = Release|Any CPU
		{67F9D3A8-F71E-4428-913F-C37AE82CDB24}.Ad-Hoc|ARM.ActiveCfg = Release|Any CPU
		{67F9D3A8-F71E-4428-913F-C37AE82CDB24}.Ad-Hoc|ARM.Build.0 = Release|Any CPU
		{67F9D3A8-F71E-4428-913F-C37AE82CDB24}.Ad-Hoc|iPhone.ActiveCfg = Release|Any CPU
		{67F9D3A8-F71E-4428-913F-C37AE82CDB24}.Ad-Hoc|iPhone.Build.0 = Release|Any CPU
		{67F9D3A8-F71E-4428-913F-C37AE82CDB24}.Ad-Hoc|iPhoneSimulator.ActiveCfg = Release|Any CPU
		{67F9D3A8-F71E-4428-913F-C37AE82CDB24}.Ad-Hoc|iPhoneSimulator.Build.0 = Release|Any CPU
		{67F9D3A8-F71E-4428-913F-C37AE82CDB24}.Ad-Hoc|x64.ActiveCfg = Release|Any CPU
		{67F9D3A8-F71E-4428-913F-C37AE82CDB24}.Ad-Hoc|x64.Build.0 = Release|Any CPU
		{67F9D3A8-F71E-4428-913F-C37AE82CDB24}.Ad-Hoc|x86.ActiveCfg = Release|Any CPU
		{67F9D3A8-F71E-4428-913F-C37AE82CDB24}.Ad-Hoc|x86.Build.0 = Release|Any CPU
		{67F9D3A8-F71E-4428-913F-C37AE82CDB24}.AppStore|Any CPU.ActiveCfg = Release|Any CPU
		{67F9D3A8-F71E-4428-913F-C37AE82CDB24}.AppStore|Any CPU.Build.0 = Release|Any CPU
		{67F9D3A8-F71E-4428-913F-C37AE82CDB24}.AppStore|ARM.ActiveCfg = Release|Any CPU
		{67F9D3A8-F71E-4428-913F-C37AE82CDB24}.AppStore|ARM.Build.0 = Release|Any CPU
		{67F9D3A8-F71E-4428-913F-C37AE82CDB24}.AppStore|iPhone.ActiveCfg = Release|Any CPU
		{67F9D3A8-F71E-4428-913F-C37AE82CDB24}.AppStore|iPhone.Build.0 = Release|Any CPU
		{67F9D3A8-F71E-4428-913F-C37AE82CDB24}.AppStore|iPhoneSimulator.ActiveCfg = Release|Any CPU
		{67F9D3A8-F71E-4428-913F-C37AE82CDB24}.AppStore|iPhoneSimulator.Build.0 = Release|Any CPU
		{67F9D3A8-F71E-4428-913F-C37AE82CDB24}.AppStore|x64.ActiveCfg = Release|Any CPU
		{67F9D3A8-F71E-4428-913F-C37AE82CDB24}.AppStore|x64.Build.0 = Release|Any CPU
		{67F9D3A8-F71E-4428-913F-C37AE82CDB24}.AppStore|x86.ActiveCfg = Release|Any CPU
		{67F9D3A8-F71E-4428-913F-C37AE82CDB24}.AppStore|x86.Build.0 = Release|Any CPU
		{67F9D3A8-F71E-4428-913F-C37AE82CDB24}.Debug|Any CPU.ActiveCfg = Debug|Any CPU
		{67F9D3A8-F71E-4428-913F-C37AE82CDB24}.Debug|Any CPU.Build.0 = Debug|Any CPU
		{67F9D3A8-F71E-4428-913F-C37AE82CDB24}.Debug|ARM.ActiveCfg = Debug|Any CPU
		{67F9D3A8-F71E-4428-913F-C37AE82CDB24}.Debug|ARM.Build.0 = Debug|Any CPU
		{67F9D3A8-F71E-4428-913F-C37AE82CDB24}.Debug|iPhone.ActiveCfg = Debug|Any CPU
		{67F9D3A8-F71E-4428-913F-C37AE82CDB24}.Debug|iPhone.Build.0 = Debug|Any CPU
		{67F9D3A8-F71E-4428-913F-C37AE82CDB24}.Debug|iPhoneSimulator.ActiveCfg = Debug|Any CPU
		{67F9D3A8-F71E-4428-913F-C37AE82CDB24}.Debug|iPhoneSimulator.Build.0 = Debug|Any CPU
		{67F9D3A8-F71E-4428-913F-C37AE82CDB24}.Debug|x64.ActiveCfg = Debug|Any CPU
		{67F9D3A8-F71E-4428-913F-C37AE82CDB24}.Debug|x64.Build.0 = Debug|Any CPU
		{67F9D3A8-F71E-4428-913F-C37AE82CDB24}.Debug|x86.ActiveCfg = Debug|Any CPU
		{67F9D3A8-F71E-4428-913F-C37AE82CDB24}.Debug|x86.Build.0 = Debug|Any CPU
		{67F9D3A8-F71E-4428-913F-C37AE82CDB24}.Release|Any CPU.ActiveCfg = Release|Any CPU
		{67F9D3A8-F71E-4428-913F-C37AE82CDB24}.Release|Any CPU.Build.0 = Release|Any CPU
		{67F9D3A8-F71E-4428-913F-C37AE82CDB24}.Release|ARM.ActiveCfg = Release|Any CPU
		{67F9D3A8-F71E-4428-913F-C37AE82CDB24}.Release|ARM.Build.0 = Release|Any CPU
		{67F9D3A8-F71E-4428-913F-C37AE82CDB24}.Release|iPhone.ActiveCfg = Release|Any CPU
		{67F9D3A8-F71E-4428-913F-C37AE82CDB24}.Release|iPhone.Build.0 = Release|Any CPU
		{67F9D3A8-F71E-4428-913F-C37AE82CDB24}.Release|iPhoneSimulator.ActiveCfg = Release|Any CPU
		{67F9D3A8-F71E-4428-913F-C37AE82CDB24}.Release|iPhoneSimulator.Build.0 = Release|Any CPU
		{67F9D3A8-F71E-4428-913F-C37AE82CDB24}.Release|x64.ActiveCfg = Release|Any CPU
		{67F9D3A8-F71E-4428-913F-C37AE82CDB24}.Release|x64.Build.0 = Release|Any CPU
		{67F9D3A8-F71E-4428-913F-C37AE82CDB24}.Release|x86.ActiveCfg = Release|Any CPU
		{67F9D3A8-F71E-4428-913F-C37AE82CDB24}.Release|x86.Build.0 = Release|Any CPU
		{A34402DE-892A-4AF1-BE6C-E44948572632}.Ad-Hoc|Any CPU.ActiveCfg = Release|Any CPU
		{A34402DE-892A-4AF1-BE6C-E44948572632}.Ad-Hoc|Any CPU.Build.0 = Release|Any CPU
		{A34402DE-892A-4AF1-BE6C-E44948572632}.Ad-Hoc|Any CPU.Deploy.0 = Release|Any CPU
		{A34402DE-892A-4AF1-BE6C-E44948572632}.Ad-Hoc|ARM.ActiveCfg = Release|Any CPU
		{A34402DE-892A-4AF1-BE6C-E44948572632}.Ad-Hoc|ARM.Build.0 = Release|Any CPU
		{A34402DE-892A-4AF1-BE6C-E44948572632}.Ad-Hoc|ARM.Deploy.0 = Release|Any CPU
		{A34402DE-892A-4AF1-BE6C-E44948572632}.Ad-Hoc|iPhone.ActiveCfg = Release|Any CPU
		{A34402DE-892A-4AF1-BE6C-E44948572632}.Ad-Hoc|iPhone.Build.0 = Release|Any CPU
		{A34402DE-892A-4AF1-BE6C-E44948572632}.Ad-Hoc|iPhone.Deploy.0 = Release|Any CPU
		{A34402DE-892A-4AF1-BE6C-E44948572632}.Ad-Hoc|iPhoneSimulator.ActiveCfg = Release|Any CPU
		{A34402DE-892A-4AF1-BE6C-E44948572632}.Ad-Hoc|iPhoneSimulator.Build.0 = Release|Any CPU
		{A34402DE-892A-4AF1-BE6C-E44948572632}.Ad-Hoc|iPhoneSimulator.Deploy.0 = Release|Any CPU
		{A34402DE-892A-4AF1-BE6C-E44948572632}.Ad-Hoc|x64.ActiveCfg = Release|Any CPU
		{A34402DE-892A-4AF1-BE6C-E44948572632}.Ad-Hoc|x64.Build.0 = Release|Any CPU
		{A34402DE-892A-4AF1-BE6C-E44948572632}.Ad-Hoc|x64.Deploy.0 = Release|Any CPU
		{A34402DE-892A-4AF1-BE6C-E44948572632}.Ad-Hoc|x86.ActiveCfg = Release|Any CPU
		{A34402DE-892A-4AF1-BE6C-E44948572632}.Ad-Hoc|x86.Build.0 = Release|Any CPU
		{A34402DE-892A-4AF1-BE6C-E44948572632}.Ad-Hoc|x86.Deploy.0 = Release|Any CPU
		{A34402DE-892A-4AF1-BE6C-E44948572632}.AppStore|Any CPU.ActiveCfg = Release|Any CPU
		{A34402DE-892A-4AF1-BE6C-E44948572632}.AppStore|Any CPU.Build.0 = Release|Any CPU
		{A34402DE-892A-4AF1-BE6C-E44948572632}.AppStore|Any CPU.Deploy.0 = Release|Any CPU
		{A34402DE-892A-4AF1-BE6C-E44948572632}.AppStore|ARM.ActiveCfg = Release|Any CPU
		{A34402DE-892A-4AF1-BE6C-E44948572632}.AppStore|ARM.Build.0 = Release|Any CPU
		{A34402DE-892A-4AF1-BE6C-E44948572632}.AppStore|ARM.Deploy.0 = Release|Any CPU
		{A34402DE-892A-4AF1-BE6C-E44948572632}.AppStore|iPhone.ActiveCfg = Release|Any CPU
		{A34402DE-892A-4AF1-BE6C-E44948572632}.AppStore|iPhone.Build.0 = Release|Any CPU
		{A34402DE-892A-4AF1-BE6C-E44948572632}.AppStore|iPhone.Deploy.0 = Release|Any CPU
		{A34402DE-892A-4AF1-BE6C-E44948572632}.AppStore|iPhoneSimulator.ActiveCfg = Release|Any CPU
		{A34402DE-892A-4AF1-BE6C-E44948572632}.AppStore|iPhoneSimulator.Build.0 = Release|Any CPU
		{A34402DE-892A-4AF1-BE6C-E44948572632}.AppStore|iPhoneSimulator.Deploy.0 = Release|Any CPU
		{A34402DE-892A-4AF1-BE6C-E44948572632}.AppStore|x64.ActiveCfg = Release|Any CPU
		{A34402DE-892A-4AF1-BE6C-E44948572632}.AppStore|x64.Build.0 = Release|Any CPU
		{A34402DE-892A-4AF1-BE6C-E44948572632}.AppStore|x64.Deploy.0 = Release|Any CPU
		{A34402DE-892A-4AF1-BE6C-E44948572632}.AppStore|x86.ActiveCfg = Release|Any CPU
		{A34402DE-892A-4AF1-BE6C-E44948572632}.AppStore|x86.Build.0 = Release|Any CPU
		{A34402DE-892A-4AF1-BE6C-E44948572632}.AppStore|x86.Deploy.0 = Release|Any CPU
		{A34402DE-892A-4AF1-BE6C-E44948572632}.Debug|Any CPU.ActiveCfg = Debug|Any CPU
		{A34402DE-892A-4AF1-BE6C-E44948572632}.Debug|Any CPU.Build.0 = Debug|Any CPU
		{A34402DE-892A-4AF1-BE6C-E44948572632}.Debug|Any CPU.Deploy.0 = Debug|Any CPU
		{A34402DE-892A-4AF1-BE6C-E44948572632}.Debug|ARM.ActiveCfg = Debug|Any CPU
		{A34402DE-892A-4AF1-BE6C-E44948572632}.Debug|ARM.Build.0 = Debug|Any CPU
		{A34402DE-892A-4AF1-BE6C-E44948572632}.Debug|ARM.Deploy.0 = Debug|Any CPU
		{A34402DE-892A-4AF1-BE6C-E44948572632}.Debug|iPhone.ActiveCfg = Debug|Any CPU
		{A34402DE-892A-4AF1-BE6C-E44948572632}.Debug|iPhone.Build.0 = Debug|Any CPU
		{A34402DE-892A-4AF1-BE6C-E44948572632}.Debug|iPhone.Deploy.0 = Debug|Any CPU
		{A34402DE-892A-4AF1-BE6C-E44948572632}.Debug|iPhoneSimulator.ActiveCfg = Debug|Any CPU
		{A34402DE-892A-4AF1-BE6C-E44948572632}.Debug|iPhoneSimulator.Build.0 = Debug|Any CPU
		{A34402DE-892A-4AF1-BE6C-E44948572632}.Debug|iPhoneSimulator.Deploy.0 = Debug|Any CPU
		{A34402DE-892A-4AF1-BE6C-E44948572632}.Debug|x64.ActiveCfg = Debug|Any CPU
		{A34402DE-892A-4AF1-BE6C-E44948572632}.Debug|x64.Build.0 = Debug|Any CPU
		{A34402DE-892A-4AF1-BE6C-E44948572632}.Debug|x64.Deploy.0 = Debug|Any CPU
		{A34402DE-892A-4AF1-BE6C-E44948572632}.Debug|x86.ActiveCfg = Debug|Any CPU
		{A34402DE-892A-4AF1-BE6C-E44948572632}.Debug|x86.Build.0 = Debug|Any CPU
		{A34402DE-892A-4AF1-BE6C-E44948572632}.Debug|x86.Deploy.0 = Debug|Any CPU
		{A34402DE-892A-4AF1-BE6C-E44948572632}.Release|Any CPU.ActiveCfg = Release|Any CPU
		{A34402DE-892A-4AF1-BE6C-E44948572632}.Release|Any CPU.Build.0 = Release|Any CPU
		{A34402DE-892A-4AF1-BE6C-E44948572632}.Release|Any CPU.Deploy.0 = Release|Any CPU
		{A34402DE-892A-4AF1-BE6C-E44948572632}.Release|ARM.ActiveCfg = Release|Any CPU
		{A34402DE-892A-4AF1-BE6C-E44948572632}.Release|ARM.Build.0 = Release|Any CPU
		{A34402DE-892A-4AF1-BE6C-E44948572632}.Release|ARM.Deploy.0 = Release|Any CPU
		{A34402DE-892A-4AF1-BE6C-E44948572632}.Release|iPhone.ActiveCfg = Release|Any CPU
		{A34402DE-892A-4AF1-BE6C-E44948572632}.Release|iPhone.Build.0 = Release|Any CPU
		{A34402DE-892A-4AF1-BE6C-E44948572632}.Release|iPhone.Deploy.0 = Release|Any CPU
		{A34402DE-892A-4AF1-BE6C-E44948572632}.Release|iPhoneSimulator.ActiveCfg = Release|Any CPU
		{A34402DE-892A-4AF1-BE6C-E44948572632}.Release|iPhoneSimulator.Build.0 = Release|Any CPU
		{A34402DE-892A-4AF1-BE6C-E44948572632}.Release|iPhoneSimulator.Deploy.0 = Release|Any CPU
		{A34402DE-892A-4AF1-BE6C-E44948572632}.Release|x64.ActiveCfg = Release|Any CPU
		{A34402DE-892A-4AF1-BE6C-E44948572632}.Release|x64.Build.0 = Release|Any CPU
		{A34402DE-892A-4AF1-BE6C-E44948572632}.Release|x64.Deploy.0 = Release|Any CPU
		{A34402DE-892A-4AF1-BE6C-E44948572632}.Release|x86.ActiveCfg = Release|Any CPU
		{A34402DE-892A-4AF1-BE6C-E44948572632}.Release|x86.Build.0 = Release|Any CPU
		{A34402DE-892A-4AF1-BE6C-E44948572632}.Release|x86.Deploy.0 = Release|Any CPU
		{C6D88F87-C6FB-4FED-B671-7BBF6080693D}.Ad-Hoc|Any CPU.ActiveCfg = Release|Any CPU
		{C6D88F87-C6FB-4FED-B671-7BBF6080693D}.Ad-Hoc|Any CPU.Build.0 = Release|Any CPU
		{C6D88F87-C6FB-4FED-B671-7BBF6080693D}.Ad-Hoc|ARM.ActiveCfg = Release|Any CPU
		{C6D88F87-C6FB-4FED-B671-7BBF6080693D}.Ad-Hoc|ARM.Build.0 = Release|Any CPU
		{C6D88F87-C6FB-4FED-B671-7BBF6080693D}.Ad-Hoc|iPhone.ActiveCfg = Release|Any CPU
		{C6D88F87-C6FB-4FED-B671-7BBF6080693D}.Ad-Hoc|iPhone.Build.0 = Release|Any CPU
		{C6D88F87-C6FB-4FED-B671-7BBF6080693D}.Ad-Hoc|iPhoneSimulator.ActiveCfg = Release|Any CPU
		{C6D88F87-C6FB-4FED-B671-7BBF6080693D}.Ad-Hoc|iPhoneSimulator.Build.0 = Release|Any CPU
		{C6D88F87-C6FB-4FED-B671-7BBF6080693D}.Ad-Hoc|x64.ActiveCfg = Release|Any CPU
		{C6D88F87-C6FB-4FED-B671-7BBF6080693D}.Ad-Hoc|x64.Build.0 = Release|Any CPU
		{C6D88F87-C6FB-4FED-B671-7BBF6080693D}.Ad-Hoc|x86.ActiveCfg = Release|Any CPU
		{C6D88F87-C6FB-4FED-B671-7BBF6080693D}.Ad-Hoc|x86.Build.0 = Release|Any CPU
		{C6D88F87-C6FB-4FED-B671-7BBF6080693D}.AppStore|Any CPU.ActiveCfg = Release|Any CPU
		{C6D88F87-C6FB-4FED-B671-7BBF6080693D}.AppStore|Any CPU.Build.0 = Release|Any CPU
		{C6D88F87-C6FB-4FED-B671-7BBF6080693D}.AppStore|ARM.ActiveCfg = Release|Any CPU
		{C6D88F87-C6FB-4FED-B671-7BBF6080693D}.AppStore|ARM.Build.0 = Release|Any CPU
		{C6D88F87-C6FB-4FED-B671-7BBF6080693D}.AppStore|iPhone.ActiveCfg = Release|Any CPU
		{C6D88F87-C6FB-4FED-B671-7BBF6080693D}.AppStore|iPhone.Build.0 = Release|Any CPU
		{C6D88F87-C6FB-4FED-B671-7BBF6080693D}.AppStore|iPhoneSimulator.ActiveCfg = Release|Any CPU
		{C6D88F87-C6FB-4FED-B671-7BBF6080693D}.AppStore|iPhoneSimulator.Build.0 = Release|Any CPU
		{C6D88F87-C6FB-4FED-B671-7BBF6080693D}.AppStore|x64.ActiveCfg = Release|Any CPU
		{C6D88F87-C6FB-4FED-B671-7BBF6080693D}.AppStore|x64.Build.0 = Release|Any CPU
		{C6D88F87-C6FB-4FED-B671-7BBF6080693D}.AppStore|x86.ActiveCfg = Release|Any CPU
		{C6D88F87-C6FB-4FED-B671-7BBF6080693D}.AppStore|x86.Build.0 = Release|Any CPU
		{C6D88F87-C6FB-4FED-B671-7BBF6080693D}.Debug|Any CPU.ActiveCfg = Debug|Any CPU
		{C6D88F87-C6FB-4FED-B671-7BBF6080693D}.Debug|Any CPU.Build.0 = Debug|Any CPU
		{C6D88F87-C6FB-4FED-B671-7BBF6080693D}.Debug|ARM.ActiveCfg = Debug|Any CPU
		{C6D88F87-C6FB-4FED-B671-7BBF6080693D}.Debug|ARM.Build.0 = Debug|Any CPU
		{C6D88F87-C6FB-4FED-B671-7BBF6080693D}.Debug|iPhone.ActiveCfg = Debug|Any CPU
		{C6D88F87-C6FB-4FED-B671-7BBF6080693D}.Debug|iPhone.Build.0 = Debug|Any CPU
		{C6D88F87-C6FB-4FED-B671-7BBF6080693D}.Debug|iPhoneSimulator.ActiveCfg = Debug|Any CPU
		{C6D88F87-C6FB-4FED-B671-7BBF6080693D}.Debug|iPhoneSimulator.Build.0 = Debug|Any CPU
		{C6D88F87-C6FB-4FED-B671-7BBF6080693D}.Debug|x64.ActiveCfg = Debug|Any CPU
		{C6D88F87-C6FB-4FED-B671-7BBF6080693D}.Debug|x64.Build.0 = Debug|Any CPU
		{C6D88F87-C6FB-4FED-B671-7BBF6080693D}.Debug|x86.ActiveCfg = Debug|Any CPU
		{C6D88F87-C6FB-4FED-B671-7BBF6080693D}.Debug|x86.Build.0 = Debug|Any CPU
		{C6D88F87-C6FB-4FED-B671-7BBF6080693D}.Release|Any CPU.ActiveCfg = Release|Any CPU
		{C6D88F87-C6FB-4FED-B671-7BBF6080693D}.Release|Any CPU.Build.0 = Release|Any CPU
		{C6D88F87-C6FB-4FED-B671-7BBF6080693D}.Release|ARM.ActiveCfg = Release|Any CPU
		{C6D88F87-C6FB-4FED-B671-7BBF6080693D}.Release|ARM.Build.0 = Release|Any CPU
		{C6D88F87-C6FB-4FED-B671-7BBF6080693D}.Release|iPhone.ActiveCfg = Release|Any CPU
		{C6D88F87-C6FB-4FED-B671-7BBF6080693D}.Release|iPhone.Build.0 = Release|Any CPU
		{C6D88F87-C6FB-4FED-B671-7BBF6080693D}.Release|iPhoneSimulator.ActiveCfg = Release|Any CPU
		{C6D88F87-C6FB-4FED-B671-7BBF6080693D}.Release|iPhoneSimulator.Build.0 = Release|Any CPU
		{C6D88F87-C6FB-4FED-B671-7BBF6080693D}.Release|x64.ActiveCfg = Release|Any CPU
		{C6D88F87-C6FB-4FED-B671-7BBF6080693D}.Release|x64.Build.0 = Release|Any CPU
		{C6D88F87-C6FB-4FED-B671-7BBF6080693D}.Release|x86.ActiveCfg = Release|Any CPU
		{C6D88F87-C6FB-4FED-B671-7BBF6080693D}.Release|x86.Build.0 = Release|Any CPU
		{204452FC-6C3F-4705-AB92-4FB4EDB17FB5}.Ad-Hoc|Any CPU.ActiveCfg = Release|x86
		{204452FC-6C3F-4705-AB92-4FB4EDB17FB5}.Ad-Hoc|Any CPU.Build.0 = Release|x86
		{204452FC-6C3F-4705-AB92-4FB4EDB17FB5}.Ad-Hoc|Any CPU.Deploy.0 = Release|x86
		{204452FC-6C3F-4705-AB92-4FB4EDB17FB5}.Ad-Hoc|ARM.ActiveCfg = Release|ARM
		{204452FC-6C3F-4705-AB92-4FB4EDB17FB5}.Ad-Hoc|ARM.Build.0 = Release|ARM
		{204452FC-6C3F-4705-AB92-4FB4EDB17FB5}.Ad-Hoc|ARM.Deploy.0 = Release|ARM
		{204452FC-6C3F-4705-AB92-4FB4EDB17FB5}.Ad-Hoc|iPhone.ActiveCfg = Release|x86
		{204452FC-6C3F-4705-AB92-4FB4EDB17FB5}.Ad-Hoc|iPhone.Build.0 = Release|x86
		{204452FC-6C3F-4705-AB92-4FB4EDB17FB5}.Ad-Hoc|iPhone.Deploy.0 = Release|x86
		{204452FC-6C3F-4705-AB92-4FB4EDB17FB5}.Ad-Hoc|iPhoneSimulator.ActiveCfg = Release|x86
		{204452FC-6C3F-4705-AB92-4FB4EDB17FB5}.Ad-Hoc|iPhoneSimulator.Build.0 = Release|x86
		{204452FC-6C3F-4705-AB92-4FB4EDB17FB5}.Ad-Hoc|iPhoneSimulator.Deploy.0 = Release|x86
		{204452FC-6C3F-4705-AB92-4FB4EDB17FB5}.Ad-Hoc|x64.ActiveCfg = Release|x64
		{204452FC-6C3F-4705-AB92-4FB4EDB17FB5}.Ad-Hoc|x64.Build.0 = Release|x64
		{204452FC-6C3F-4705-AB92-4FB4EDB17FB5}.Ad-Hoc|x64.Deploy.0 = Release|x64
		{204452FC-6C3F-4705-AB92-4FB4EDB17FB5}.Ad-Hoc|x86.ActiveCfg = Release|x86
		{204452FC-6C3F-4705-AB92-4FB4EDB17FB5}.Ad-Hoc|x86.Build.0 = Release|x86
		{204452FC-6C3F-4705-AB92-4FB4EDB17FB5}.Ad-Hoc|x86.Deploy.0 = Release|x86
		{204452FC-6C3F-4705-AB92-4FB4EDB17FB5}.AppStore|Any CPU.ActiveCfg = Release|x86
		{204452FC-6C3F-4705-AB92-4FB4EDB17FB5}.AppStore|Any CPU.Build.0 = Release|x86
		{204452FC-6C3F-4705-AB92-4FB4EDB17FB5}.AppStore|Any CPU.Deploy.0 = Release|x86
		{204452FC-6C3F-4705-AB92-4FB4EDB17FB5}.AppStore|ARM.ActiveCfg = Release|ARM
		{204452FC-6C3F-4705-AB92-4FB4EDB17FB5}.AppStore|ARM.Build.0 = Release|ARM
		{204452FC-6C3F-4705-AB92-4FB4EDB17FB5}.AppStore|ARM.Deploy.0 = Release|ARM
		{204452FC-6C3F-4705-AB92-4FB4EDB17FB5}.AppStore|iPhone.ActiveCfg = Release|x86
		{204452FC-6C3F-4705-AB92-4FB4EDB17FB5}.AppStore|iPhone.Build.0 = Release|x86
		{204452FC-6C3F-4705-AB92-4FB4EDB17FB5}.AppStore|iPhone.Deploy.0 = Release|x86
		{204452FC-6C3F-4705-AB92-4FB4EDB17FB5}.AppStore|iPhoneSimulator.ActiveCfg = Release|x86
		{204452FC-6C3F-4705-AB92-4FB4EDB17FB5}.AppStore|iPhoneSimulator.Build.0 = Release|x86
		{204452FC-6C3F-4705-AB92-4FB4EDB17FB5}.AppStore|iPhoneSimulator.Deploy.0 = Release|x86
		{204452FC-6C3F-4705-AB92-4FB4EDB17FB5}.AppStore|x64.ActiveCfg = Release|x64
		{204452FC-6C3F-4705-AB92-4FB4EDB17FB5}.AppStore|x64.Build.0 = Release|x64
		{204452FC-6C3F-4705-AB92-4FB4EDB17FB5}.AppStore|x64.Deploy.0 = Release|x64
		{204452FC-6C3F-4705-AB92-4FB4EDB17FB5}.AppStore|x86.ActiveCfg = Release|x86
		{204452FC-6C3F-4705-AB92-4FB4EDB17FB5}.AppStore|x86.Build.0 = Release|x86
		{204452FC-6C3F-4705-AB92-4FB4EDB17FB5}.AppStore|x86.Deploy.0 = Release|x86
		{204452FC-6C3F-4705-AB92-4FB4EDB17FB5}.Debug|Any CPU.ActiveCfg = Debug|x86
		{204452FC-6C3F-4705-AB92-4FB4EDB17FB5}.Debug|ARM.ActiveCfg = Debug|ARM
		{204452FC-6C3F-4705-AB92-4FB4EDB17FB5}.Debug|ARM.Build.0 = Debug|ARM
		{204452FC-6C3F-4705-AB92-4FB4EDB17FB5}.Debug|ARM.Deploy.0 = Debug|ARM
		{204452FC-6C3F-4705-AB92-4FB4EDB17FB5}.Debug|iPhone.ActiveCfg = Debug|x86
		{204452FC-6C3F-4705-AB92-4FB4EDB17FB5}.Debug|iPhoneSimulator.ActiveCfg = Debug|x86
		{204452FC-6C3F-4705-AB92-4FB4EDB17FB5}.Debug|x64.ActiveCfg = Debug|x64
		{204452FC-6C3F-4705-AB92-4FB4EDB17FB5}.Debug|x64.Build.0 = Debug|x64
		{204452FC-6C3F-4705-AB92-4FB4EDB17FB5}.Debug|x64.Deploy.0 = Debug|x64
		{204452FC-6C3F-4705-AB92-4FB4EDB17FB5}.Debug|x86.ActiveCfg = Debug|x86
		{204452FC-6C3F-4705-AB92-4FB4EDB17FB5}.Debug|x86.Build.0 = Debug|x86
		{204452FC-6C3F-4705-AB92-4FB4EDB17FB5}.Debug|x86.Deploy.0 = Debug|x86
		{204452FC-6C3F-4705-AB92-4FB4EDB17FB5}.Release|Any CPU.ActiveCfg = Release|x86
		{204452FC-6C3F-4705-AB92-4FB4EDB17FB5}.Release|ARM.ActiveCfg = Release|ARM
		{204452FC-6C3F-4705-AB92-4FB4EDB17FB5}.Release|ARM.Build.0 = Release|ARM
		{204452FC-6C3F-4705-AB92-4FB4EDB17FB5}.Release|ARM.Deploy.0 = Release|ARM
		{204452FC-6C3F-4705-AB92-4FB4EDB17FB5}.Release|iPhone.ActiveCfg = Release|x86
		{204452FC-6C3F-4705-AB92-4FB4EDB17FB5}.Release|iPhoneSimulator.ActiveCfg = Release|x86
		{204452FC-6C3F-4705-AB92-4FB4EDB17FB5}.Release|x64.ActiveCfg = Release|x64
		{204452FC-6C3F-4705-AB92-4FB4EDB17FB5}.Release|x64.Build.0 = Release|x64
		{204452FC-6C3F-4705-AB92-4FB4EDB17FB5}.Release|x64.Deploy.0 = Release|x64
		{204452FC-6C3F-4705-AB92-4FB4EDB17FB5}.Release|x86.ActiveCfg = Release|x86
		{204452FC-6C3F-4705-AB92-4FB4EDB17FB5}.Release|x86.Build.0 = Release|x86
		{204452FC-6C3F-4705-AB92-4FB4EDB17FB5}.Release|x86.Deploy.0 = Release|x86
		{C578FD32-FDA5-4369-AA2A-68E4E3FEA768}.Ad-Hoc|Any CPU.ActiveCfg = Ad-Hoc|iPhone
		{C578FD32-FDA5-4369-AA2A-68E4E3FEA768}.Ad-Hoc|ARM.ActiveCfg = Ad-Hoc|iPhone
		{C578FD32-FDA5-4369-AA2A-68E4E3FEA768}.Ad-Hoc|iPhone.ActiveCfg = Ad-Hoc|iPhone
		{C578FD32-FDA5-4369-AA2A-68E4E3FEA768}.Ad-Hoc|iPhone.Build.0 = Ad-Hoc|iPhone
		{C578FD32-FDA5-4369-AA2A-68E4E3FEA768}.Ad-Hoc|iPhoneSimulator.ActiveCfg = Ad-Hoc|iPhoneSimulator
		{C578FD32-FDA5-4369-AA2A-68E4E3FEA768}.Ad-Hoc|iPhoneSimulator.Build.0 = Ad-Hoc|iPhoneSimulator
		{C578FD32-FDA5-4369-AA2A-68E4E3FEA768}.Ad-Hoc|x64.ActiveCfg = Ad-Hoc|iPhone
		{C578FD32-FDA5-4369-AA2A-68E4E3FEA768}.Ad-Hoc|x86.ActiveCfg = Ad-Hoc|iPhone
		{C578FD32-FDA5-4369-AA2A-68E4E3FEA768}.AppStore|Any CPU.ActiveCfg = AppStore|iPhone
		{C578FD32-FDA5-4369-AA2A-68E4E3FEA768}.AppStore|ARM.ActiveCfg = AppStore|iPhone
		{C578FD32-FDA5-4369-AA2A-68E4E3FEA768}.AppStore|iPhone.ActiveCfg = AppStore|iPhone
		{C578FD32-FDA5-4369-AA2A-68E4E3FEA768}.AppStore|iPhone.Build.0 = AppStore|iPhone
		{C578FD32-FDA5-4369-AA2A-68E4E3FEA768}.AppStore|iPhoneSimulator.ActiveCfg = AppStore|iPhoneSimulator
		{C578FD32-FDA5-4369-AA2A-68E4E3FEA768}.AppStore|iPhoneSimulator.Build.0 = AppStore|iPhoneSimulator
		{C578FD32-FDA5-4369-AA2A-68E4E3FEA768}.AppStore|x64.ActiveCfg = AppStore|iPhone
		{C578FD32-FDA5-4369-AA2A-68E4E3FEA768}.AppStore|x86.ActiveCfg = AppStore|iPhone
		{C578FD32-FDA5-4369-AA2A-68E4E3FEA768}.Debug|Any CPU.ActiveCfg = Debug|iPhone
		{C578FD32-FDA5-4369-AA2A-68E4E3FEA768}.Debug|ARM.ActiveCfg = Debug|iPhone
		{C578FD32-FDA5-4369-AA2A-68E4E3FEA768}.Debug|iPhone.ActiveCfg = Debug|iPhone
		{C578FD32-FDA5-4369-AA2A-68E4E3FEA768}.Debug|iPhone.Build.0 = Debug|iPhone
		{C578FD32-FDA5-4369-AA2A-68E4E3FEA768}.Debug|iPhoneSimulator.ActiveCfg = Debug|iPhoneSimulator
		{C578FD32-FDA5-4369-AA2A-68E4E3FEA768}.Debug|iPhoneSimulator.Build.0 = Debug|iPhoneSimulator
		{C578FD32-FDA5-4369-AA2A-68E4E3FEA768}.Debug|x64.ActiveCfg = Debug|iPhone
		{C578FD32-FDA5-4369-AA2A-68E4E3FEA768}.Debug|x86.ActiveCfg = Debug|iPhone
		{C578FD32-FDA5-4369-AA2A-68E4E3FEA768}.Release|Any CPU.ActiveCfg = Release|iPhone
		{C578FD32-FDA5-4369-AA2A-68E4E3FEA768}.Release|ARM.ActiveCfg = Release|iPhone
		{C578FD32-FDA5-4369-AA2A-68E4E3FEA768}.Release|iPhone.ActiveCfg = Release|iPhone
		{C578FD32-FDA5-4369-AA2A-68E4E3FEA768}.Release|iPhone.Build.0 = Release|iPhone
		{C578FD32-FDA5-4369-AA2A-68E4E3FEA768}.Release|iPhoneSimulator.ActiveCfg = Release|iPhoneSimulator
		{C578FD32-FDA5-4369-AA2A-68E4E3FEA768}.Release|iPhoneSimulator.Build.0 = Release|iPhoneSimulator
		{C578FD32-FDA5-4369-AA2A-68E4E3FEA768}.Release|x64.ActiveCfg = Release|iPhone
		{C578FD32-FDA5-4369-AA2A-68E4E3FEA768}.Release|x86.ActiveCfg = Release|iPhone
	EndGlobalSection
	GlobalSection(SolutionProperties) = preSolution
		HideSolutionNode = FALSE
	EndGlobalSection
	GlobalSection(NestedProjects) = preSolution
		{A34402DE-892A-4AF1-BE6C-E44948572632} = {681DA4D8-37AA-4862-8B57-CCDBA287DE1C}
		{C6D88F87-C6FB-4FED-B671-7BBF6080693D} = {681DA4D8-37AA-4862-8B57-CCDBA287DE1C}
		{204452FC-6C3F-4705-AB92-4FB4EDB17FB5} = {681DA4D8-37AA-4862-8B57-CCDBA287DE1C}
		{C578FD32-FDA5-4369-AA2A-68E4E3FEA768} = {681DA4D8-37AA-4862-8B57-CCDBA287DE1C}
	EndGlobalSection
EndGlobal
